
Microsoft Visual Studio Solution File, Format Version 12.00
# Visual Studio 15
VisualStudioVersion = 15.0.27703.2000
MinimumVisualStudioVersion = 10.0.40219.1
Project("{FAE04EC0-301F-11D3-BF4B-00C04F79EFBC}") = "SGC.Dominio", "SGC.Dominio\SGC.Dominio.csproj", "{CF0E3E59-49DB-44BD-BB96-D3633B053EAE}"
EndProject
Global
	GlobalSection(SolutionConfigurationPlatforms) = preSolution
		Debug|Any CPU = Debug|Any CPU
		Release|Any CPU = Release|Any CPU
	EndGlobalSection
	GlobalSection(ProjectConfigurationPlatforms) = postSolution
		{CF0E3E59-49DB-44BD-BB96-D3633B053EAE}.Debug|Any CPU.ActiveCfg = Debug|Any CPU
		{CF0E3E59-49DB-44BD-BB96-D3633B053EAE}.Debug|Any CPU.Build.0 = Debug|Any CPU
		{CF0E3E59-49DB-44BD-BB96-D3633B053EAE}.Release|Any CPU.ActiveCfg = Release|Any CPU
		{CF0E3E59-49DB-44BD-BB96-D3633B053EAE}.Release|Any CPU.Build.0 = Release|Any CPU
	EndGlobalSection
	GlobalSection(SolutionProperties) = preSolution
		HideSolutionNode = FALSE
	EndGlobalSection
	GlobalSection(ExtensibilityGlobals) = postSolution
		SolutionGuid = {D206A284-5BDD-4D43-B8F9-9A52BFD92074}
	EndGlobalSection
EndGlobal
